
Microsoft Visual Studio Solution File, Format Version 12.00
# Visual Studio Version 17
VisualStudioVersion = 17.13.35931.197
MinimumVisualStudioVersion = 10.0.40219.1
Project("{FAE04EC0-301F-11D3-BF4B-00C04F79EFBC}") = "EspSpectrum.Core", "EspSpectrum.Core\EspSpectrum.Core.csproj", "{2B19763C-F8EC-455A-8AB2-10868EBFB103}"
EndProject
Project("{2150E333-8FDC-42A3-9474-1A3956D46DE8}") = "Solution Items", "Solution Items", "{8EC462FD-D22E-90A8-E5CE-7E832BA40C5D}"
	ProjectSection(SolutionItems) = preProject
		README.md = README.md
	EndProjectSection
EndProject
Project("{FAE04EC0-301F-11D3-BF4B-00C04F79EFBC}") = "EspSpectrum.Worker", "EspSpectrum.Worker\EspSpectrum.Worker.csproj", "{2CA59D00-ED55-45C3-A366-015E729EEDB6}"
EndProject
Project("{FAE04EC0-301F-11D3-BF4B-00C04F79EFBC}") = "EspSpectrum.UnitTests", "EspSpectrum.UnitTests\EspSpectrum.UnitTests.csproj", "{09BFE7E8-312D-46F6-8FC6-97937C056189}"
EndProject
Project("{FAE04EC0-301F-11D3-BF4B-00C04F79EFBC}") = "EspSpectrum.ConfigUI", "EspSpectrum.ConfigUI\EspSpectrum.ConfigUI.csproj", "{8B70D0DE-81A9-4C55-9E32-E0B8C95E544E}"
EndProject
Project("{FAE04EC0-301F-11D3-BF4B-00C04F79EFBC}") = "EspSpectrum.PerformanceTests", "EspSpectrum.PerformanceTests\EspSpectrum.PerformanceTests.csproj", "{766E5903-9E31-4A85-9B1A-232969E2F43B}"
EndProject
Global
	GlobalSection(SolutionConfigurationPlatforms) = preSolution
		Debug|Any CPU = Debug|Any CPU
		Debug|ARM = Debug|ARM
		Debug|ARM64 = Debug|ARM64
		Debug|x64 = Debug|x64
		Debug|x86 = Debug|x86
		Release|Any CPU = Release|Any CPU
		Release|ARM = Release|ARM
		Release|ARM64 = Release|ARM64
		Release|x64 = Release|x64
		Release|x86 = Release|x86
	EndGlobalSection
	GlobalSection(ProjectConfigurationPlatforms) = postSolution
		{2B19763C-F8EC-455A-8AB2-10868EBFB103}.Debug|Any CPU.ActiveCfg = Debug|Any CPU
		{2B19763C-F8EC-455A-8AB2-10868EBFB103}.Debug|Any CPU.Build.0 = Debug|Any CPU
		{2B19763C-F8EC-455A-8AB2-10868EBFB103}.Debug|ARM.ActiveCfg = Debug|Any CPU
		{2B19763C-F8EC-455A-8AB2-10868EBFB103}.Debug|ARM.Build.0 = Debug|Any CPU
		{2B19763C-F8EC-455A-8AB2-10868EBFB103}.Debug|ARM64.ActiveCfg = Debug|Any CPU
		{2B19763C-F8EC-455A-8AB2-10868EBFB103}.Debug|ARM64.Build.0 = Debug|Any CPU
		{2B19763C-F8EC-455A-8AB2-10868EBFB103}.Debug|x64.ActiveCfg = Debug|Any CPU
		{2B19763C-F8EC-455A-8AB2-10868EBFB103}.Debug|x64.Build.0 = Debug|Any CPU
		{2B19763C-F8EC-455A-8AB2-10868EBFB103}.Debug|x86.ActiveCfg = Debug|Any CPU
		{2B19763C-F8EC-455A-8AB2-10868EBFB103}.Debug|x86.Build.0 = Debug|Any CPU
		{2B19763C-F8EC-455A-8AB2-10868EBFB103}.Release|Any CPU.ActiveCfg = Release|Any CPU
		{2B19763C-F8EC-455A-8AB2-10868EBFB103}.Release|Any CPU.Build.0 = Release|Any CPU
		{2B19763C-F8EC-455A-8AB2-10868EBFB103}.Release|ARM.ActiveCfg = Release|Any CPU
		{2B19763C-F8EC-455A-8AB2-10868EBFB103}.Release|ARM.Build.0 = Release|Any CPU
		{2B19763C-F8EC-455A-8AB2-10868EBFB103}.Release|ARM64.ActiveCfg = Release|Any CPU
		{2B19763C-F8EC-455A-8AB2-10868EBFB103}.Release|ARM64.Build.0 = Release|Any CPU
		{2B19763C-F8EC-455A-8AB2-10868EBFB103}.Release|x64.ActiveCfg = Release|Any CPU
		{2B19763C-F8EC-455A-8AB2-10868EBFB103}.Release|x64.Build.0 = Release|Any CPU
		{2B19763C-F8EC-455A-8AB2-10868EBFB103}.Release|x86.ActiveCfg = Release|Any CPU
		{2B19763C-F8EC-455A-8AB2-10868EBFB103}.Release|x86.Build.0 = Release|Any CPU
		{2CA59D00-ED55-45C3-A366-015E729EEDB6}.Debug|Any CPU.ActiveCfg = Debug|Any CPU
		{2CA59D00-ED55-45C3-A366-015E729EEDB6}.Debug|Any CPU.Build.0 = Debug|Any CPU
		{2CA59D00-ED55-45C3-A366-015E729EEDB6}.Debug|ARM.ActiveCfg = Debug|Any CPU
		{2CA59D00-ED55-45C3-A366-015E729EEDB6}.Debug|ARM.Build.0 = Debug|Any CPU
		{2CA59D00-ED55-45C3-A366-015E729EEDB6}.Debug|ARM64.ActiveCfg = Debug|Any CPU
		{2CA59D00-ED55-45C3-A366-015E729EEDB6}.Debug|ARM64.Build.0 = Debug|Any CPU
		{2CA59D00-ED55-45C3-A366-015E729EEDB6}.Debug|x64.ActiveCfg = Debug|Any CPU
		{2CA59D00-ED55-45C3-A366-015E729EEDB6}.Debug|x64.Build.0 = Debug|Any CPU
		{2CA59D00-ED55-45C3-A366-015E729EEDB6}.Debug|x86.ActiveCfg = Debug|Any CPU
		{2CA59D00-ED55-45C3-A366-015E729EEDB6}.Debug|x86.Build.0 = Debug|Any CPU
		{2CA59D00-ED55-45C3-A366-015E729EEDB6}.Release|Any CPU.ActiveCfg = Release|Any CPU
		{2CA59D00-ED55-45C3-A366-015E729EEDB6}.Release|Any CPU.Build.0 = Release|Any CPU
		{2CA59D00-ED55-45C3-A366-015E729EEDB6}.Release|ARM.ActiveCfg = Release|Any CPU
		{2CA59D00-ED55-45C3-A366-015E729EEDB6}.Release|ARM.Build.0 = Release|Any CPU
		{2CA59D00-ED55-45C3-A366-015E729EEDB6}.Release|ARM64.ActiveCfg = Release|Any CPU
		{2CA59D00-ED55-45C3-A366-015E729EEDB6}.Release|ARM64.Build.0 = Release|Any CPU
		{2CA59D00-ED55-45C3-A366-015E729EEDB6}.Release|x64.ActiveCfg = Release|Any CPU
		{2CA59D00-ED55-45C3-A366-015E729EEDB6}.Release|x64.Build.0 = Release|Any CPU
		{2CA59D00-ED55-45C3-A366-015E729EEDB6}.Release|x86.ActiveCfg = Release|Any CPU
		{2CA59D00-ED55-45C3-A366-015E729EEDB6}.Release|x86.Build.0 = Release|Any CPU
		{09BFE7E8-312D-46F6-8FC6-97937C056189}.Debug|Any CPU.ActiveCfg = Debug|Any CPU
		{09BFE7E8-312D-46F6-8FC6-97937C056189}.Debug|Any CPU.Build.0 = Debug|Any CPU
		{09BFE7E8-312D-46F6-8FC6-97937C056189}.Debug|ARM.ActiveCfg = Debug|Any CPU
		{09BFE7E8-312D-46F6-8FC6-97937C056189}.Debug|ARM.Build.0 = Debug|Any CPU
		{09BFE7E8-312D-46F6-8FC6-97937C056189}.Debug|ARM64.ActiveCfg = Debug|Any CPU
		{09BFE7E8-312D-46F6-8FC6-97937C056189}.Debug|ARM64.Build.0 = Debug|Any CPU
		{09BFE7E8-312D-46F6-8FC6-97937C056189}.Debug|x64.ActiveCfg = Debug|Any CPU
		{09BFE7E8-312D-46F6-8FC6-97937C056189}.Debug|x64.Build.0 = Debug|Any CPU
		{09BFE7E8-312D-46F6-8FC6-97937C056189}.Debug|x86.ActiveCfg = Debug|Any CPU
		{09BFE7E8-312D-46F6-8FC6-97937C056189}.Debug|x86.Build.0 = Debug|Any CPU
		{09BFE7E8-312D-46F6-8FC6-97937C056189}.Release|Any CPU.ActiveCfg = Release|Any CPU
		{09BFE7E8-312D-46F6-8FC6-97937C056189}.Release|Any CPU.Build.0 = Release|Any CPU
		{09BFE7E8-312D-46F6-8FC6-97937C056189}.Release|ARM.ActiveCfg = Release|Any CPU
		{09BFE7E8-312D-46F6-8FC6-97937C056189}.Release|ARM.Build.0 = Release|Any CPU
		{09BFE7E8-312D-46F6-8FC6-97937C056189}.Release|ARM64.ActiveCfg = Release|Any CPU
		{09BFE7E8-312D-46F6-8FC6-97937C056189}.Release|ARM64.Build.0 = Release|Any CPU
		{09BFE7E8-312D-46F6-8FC6-97937C056189}.Release|x64.ActiveCfg = Release|Any CPU
		{09BFE7E8-312D-46F6-8FC6-97937C056189}.Release|x64.Build.0 = Release|Any CPU
		{09BFE7E8-312D-46F6-8FC6-97937C056189}.Release|x86.ActiveCfg = Release|Any CPU
		{09BFE7E8-312D-46F6-8FC6-97937C056189}.Release|x86.Build.0 = Release|Any CPU
		{8B70D0DE-81A9-4C55-9E32-E0B8C95E544E}.Debug|Any CPU.ActiveCfg = Debug|Any CPU
		{8B70D0DE-81A9-4C55-9E32-E0B8C95E544E}.Debug|Any CPU.Build.0 = Debug|Any CPU
		{8B70D0DE-81A9-4C55-9E32-E0B8C95E544E}.Debug|ARM.ActiveCfg = Debug|Any CPU
		{8B70D0DE-81A9-4C55-9E32-E0B8C95E544E}.Debug|ARM.Build.0 = Debug|Any CPU
		{8B70D0DE-81A9-4C55-9E32-E0B8C95E544E}.Debug|ARM64.ActiveCfg = Debug|Any CPU
		{8B70D0DE-81A9-4C55-9E32-E0B8C95E544E}.Debug|ARM64.Build.0 = Debug|Any CPU
		{8B70D0DE-81A9-4C55-9E32-E0B8C95E544E}.Debug|x64.ActiveCfg = Debug|Any CPU
		{8B70D0DE-81A9-4C55-9E32-E0B8C95E544E}.Debug|x64.Build.0 = Debug|Any CPU
		{8B70D0DE-81A9-4C55-9E32-E0B8C95E544E}.Debug|x86.ActiveCfg = Debug|Any CPU
		{8B70D0DE-81A9-4C55-9E32-E0B8C95E544E}.Debug|x86.Build.0 = Debug|Any CPU
		{8B70D0DE-81A9-4C55-9E32-E0B8C95E544E}.Release|Any CPU.ActiveCfg = Release|Any CPU
		{8B70D0DE-81A9-4C55-9E32-E0B8C95E544E}.Release|Any CPU.Build.0 = Release|Any CPU
		{8B70D0DE-81A9-4C55-9E32-E0B8C95E544E}.Release|ARM.ActiveCfg = Release|Any CPU
		{8B70D0DE-81A9-4C55-9E32-E0B8C95E544E}.Release|ARM.Build.0 = Release|Any CPU
		{8B70D0DE-81A9-4C55-9E32-E0B8C95E544E}.Release|ARM64.ActiveCfg = Release|Any CPU
		{8B70D0DE-81A9-4C55-9E32-E0B8C95E544E}.Release|ARM64.Build.0 = Release|Any CPU
		{8B70D0DE-81A9-4C55-9E32-E0B8C95E544E}.Release|x64.ActiveCfg = Release|Any CPU
		{8B70D0DE-81A9-4C55-9E32-E0B8C95E544E}.Release|x64.Build.0 = Release|Any CPU
		{8B70D0DE-81A9-4C55-9E32-E0B8C95E544E}.Release|x86.ActiveCfg = Release|Any CPU
		{8B70D0DE-81A9-4C55-9E32-E0B8C95E544E}.Release|x86.Build.0 = Release|Any CPU
		{766E5903-9E31-4A85-9B1A-232969E2F43B}.Debug|Any CPU.ActiveCfg = Debug|Any CPU
		{766E5903-9E31-4A85-9B1A-232969E2F43B}.Debug|Any CPU.Build.0 = Debug|Any CPU
		{766E5903-9E31-4A85-9B1A-232969E2F43B}.Debug|ARM.ActiveCfg = Debug|Any CPU
		{766E5903-9E31-4A85-9B1A-232969E2F43B}.Debug|ARM.Build.0 = Debug|Any CPU
		{766E5903-9E31-4A85-9B1A-232969E2F43B}.Debug|ARM64.ActiveCfg = Debug|Any CPU
		{766E5903-9E31-4A85-9B1A-232969E2F43B}.Debug|ARM64.Build.0 = Debug|Any CPU
		{766E5903-9E31-4A85-9B1A-232969E2F43B}.Debug|x64.ActiveCfg = Debug|Any CPU
		{766E5903-9E31-4A85-9B1A-232969E2F43B}.Debug|x64.Build.0 = Debug|Any CPU
		{766E5903-9E31-4A85-9B1A-232969E2F43B}.Debug|x86.ActiveCfg = Debug|Any CPU
		{766E5903-9E31-4A85-9B1A-232969E2F43B}.Debug|x86.Build.0 = Debug|Any CPU
		{766E5903-9E31-4A85-9B1A-232969E2F43B}.Release|Any CPU.ActiveCfg = Release|Any CPU
		{766E5903-9E31-4A85-9B1A-232969E2F43B}.Release|Any CPU.Build.0 = Release|Any CPU
		{766E5903-9E31-4A85-9B1A-232969E2F43B}.Release|ARM.ActiveCfg = Release|Any CPU
		{766E5903-9E31-4A85-9B1A-232969E2F43B}.Release|ARM.Build.0 = Release|Any CPU
		{766E5903-9E31-4A85-9B1A-232969E2F43B}.Release|ARM64.ActiveCfg = Release|Any CPU
		{766E5903-9E31-4A85-9B1A-232969E2F43B}.Release|ARM64.Build.0 = Release|Any CPU
		{766E5903-9E31-4A85-9B1A-232969E2F43B}.Release|x64.ActiveCfg = Release|Any CPU
		{766E5903-9E31-4A85-9B1A-232969E2F43B}.Release|x64.Build.0 = Release|Any CPU
		{766E5903-9E31-4A85-9B1A-232969E2F43B}.Release|x86.ActiveCfg = Release|Any CPU
		{766E5903-9E31-4A85-9B1A-232969E2F43B}.Release|x86.Build.0 = Release|Any CPU
	EndGlobalSection
	GlobalSection(SolutionProperties) = preSolution
		HideSolutionNode = FALSE
	EndGlobalSection
	GlobalSection(ExtensibilityGlobals) = postSolution
		SolutionGuid = {C4EC07D7-4727-4978-B9ED-CF65C0FA2897}
	EndGlobalSection
EndGlobal
